
Microsoft Visual Studio Solution File, Format Version 11.00
# Visual Studio 2010
Project("{FAE04EC0-301F-11D3-BF4B-00C04F79EFBC}") = "Palindromer", "Palindromer\Palindromer.csproj", "{B9362154-F635-4043-BADE-98FB7079307B}"
EndProject
Project("{FAE04EC0-301F-11D3-BF4B-00C04F79EFBC}") = "Palindromer.Spec", "Palindromer.Spec\Palindromer.Spec.csproj", "{6F3517F8-96EC-493B-8770-8DD835EF90C2}"
EndProject
Global
	GlobalSection(SolutionConfigurationPlatforms) = preSolution
		Debug|Any CPU = Debug|Any CPU
		Release|Any CPU = Release|Any CPU
	EndGlobalSection
	GlobalSection(ProjectConfigurationPlatforms) = postSolution
		{B9362154-F635-4043-BADE-98FB7079307B}.Debug|Any CPU.ActiveCfg = Debug|Any CPU
		{B9362154-F635-4043-BADE-98FB7079307B}.Debug|Any CPU.Build.0 = Debug|Any CPU
		{B9362154-F635-4043-BADE-98FB7079307B}.Debug|Any CPU.Deploy.0 = Debug|Any CPU
		{B9362154-F635-4043-BADE-98FB7079307B}.Release|Any CPU.ActiveCfg = Release|Any CPU
		{B9362154-F635-4043-BADE-98FB7079307B}.Release|Any CPU.Build.0 = Release|Any CPU
		{B9362154-F635-4043-BADE-98FB7079307B}.Release|Any CPU.Deploy.0 = Release|Any CPU
		{6F3517F8-96EC-493B-8770-8DD835EF90C2}.Debug|Any CPU.ActiveCfg = Debug|x86
		{6F3517F8-96EC-493B-8770-8DD835EF90C2}.Debug|Any CPU.Build.0 = Debug|x86
		{6F3517F8-96EC-493B-8770-8DD835EF90C2}.Release|Any CPU.ActiveCfg = Release|Any CPU
		{6F3517F8-96EC-493B-8770-8DD835EF90C2}.Release|Any CPU.Build.0 = Release|Any CPU
	EndGlobalSection
	GlobalSection(SolutionProperties) = preSolution
		HideSolutionNode = FALSE
	EndGlobalSection
EndGlobal
